
Microsoft Visual Studio Solution File, Format Version 12.00
# Visual Studio Version 16
VisualStudioVersion = 16.0.30907.101
MinimumVisualStudioVersion = 10.0.40219.1
Project("{2150E333-8FDC-42A3-9474-1A3956D46DE8}") = "src", "src", "{CCE61351-3C76-48E3-BC39-AE7D7C6DCC0E}"
EndProject
Project("{2150E333-8FDC-42A3-9474-1A3956D46DE8}") = "tests", "tests", "{DF347911-98C5-4E98-BB7E-8B30093DFE0C}"
EndProject
Project("{9A19103F-16F7-4668-BE54-9A1E7A4F7556}") = "CpuFeaturesDotNet.UnitTesting", "tests\CpuFeaturesDotNet.UnitTesting.csproj", "{D3E62383-FA2D-44BD-8486-6A2751368DF6}"
EndProject
Project("{9A19103F-16F7-4668-BE54-9A1E7A4F7556}") = "CpuFeaturesDotNet", "src\CpuFeaturesDotNet\CpuFeaturesDotNet.csproj", "{2F72A79A-EE80-4515-8BD1-5D4FEDBDFB93}"
EndProject
Project("{9A19103F-16F7-4668-BE54-9A1E7A4F7556}") = "CpuFeaturesDotNet.Utils", "src\CpuFeaturesDotNet.Utils\CpuFeaturesDotNet.Utils.csproj", "{B08BDCD7-50F6-4916-8F8A-A8591CAC14CB}"
EndProject
Project("{2150E333-8FDC-42A3-9474-1A3956D46DE8}") = "samples", "samples", "{E0043BE1-CD0F-4BC1-8872-D72C9F49E2BB}"
EndProject
Project("{9A19103F-16F7-4668-BE54-9A1E7A4F7556}") = "CpuFeaturesDotNet.Samples", "samples\CpuFeaturesDotNet.Samples\CpuFeaturesDotNet.Samples.csproj", "{73F88BD4-2093-4695-8DAB-B8387246F61A}"
EndProject
Global
	GlobalSection(SolutionConfigurationPlatforms) = preSolution
		Debug|Any CPU = Debug|Any CPU
		Debug|x64 = Debug|x64
		Release|Any CPU = Release|Any CPU
		Release|x64 = Release|x64
	EndGlobalSection
	GlobalSection(ProjectConfigurationPlatforms) = postSolution
		{D3E62383-FA2D-44BD-8486-6A2751368DF6}.Debug|Any CPU.ActiveCfg = Debug|Any CPU
		{D3E62383-FA2D-44BD-8486-6A2751368DF6}.Debug|Any CPU.Build.0 = Debug|Any CPU
		{D3E62383-FA2D-44BD-8486-6A2751368DF6}.Debug|x64.ActiveCfg = Debug|Any CPU
		{D3E62383-FA2D-44BD-8486-6A2751368DF6}.Debug|x64.Build.0 = Debug|Any CPU
		{D3E62383-FA2D-44BD-8486-6A2751368DF6}.Release|Any CPU.ActiveCfg = Release|Any CPU
		{D3E62383-FA2D-44BD-8486-6A2751368DF6}.Release|Any CPU.Build.0 = Release|Any CPU
		{D3E62383-FA2D-44BD-8486-6A2751368DF6}.Release|x64.ActiveCfg = Release|Any CPU
		{D3E62383-FA2D-44BD-8486-6A2751368DF6}.Release|x64.Build.0 = Release|Any CPU
		{2F72A79A-EE80-4515-8BD1-5D4FEDBDFB93}.Debug|Any CPU.ActiveCfg = Debug|Any CPU
		{2F72A79A-EE80-4515-8BD1-5D4FEDBDFB93}.Debug|Any CPU.Build.0 = Debug|Any CPU
		{2F72A79A-EE80-4515-8BD1-5D4FEDBDFB93}.Debug|x64.ActiveCfg = Debug|x64
		{2F72A79A-EE80-4515-8BD1-5D4FEDBDFB93}.Debug|x64.Build.0 = Debug|x64
		{2F72A79A-EE80-4515-8BD1-5D4FEDBDFB93}.Release|Any CPU.ActiveCfg = Release|Any CPU
		{2F72A79A-EE80-4515-8BD1-5D4FEDBDFB93}.Release|Any CPU.Build.0 = Release|Any CPU
		{2F72A79A-EE80-4515-8BD1-5D4FEDBDFB93}.Release|x64.ActiveCfg = Release|x64
		{2F72A79A-EE80-4515-8BD1-5D4FEDBDFB93}.Release|x64.Build.0 = Release|x64
		{B08BDCD7-50F6-4916-8F8A-A8591CAC14CB}.Debug|Any CPU.ActiveCfg = Debug|Any CPU
		{B08BDCD7-50F6-4916-8F8A-A8591CAC14CB}.Debug|Any CPU.Build.0 = Debug|Any CPU
		{B08BDCD7-50F6-4916-8F8A-A8591CAC14CB}.Debug|x64.ActiveCfg = Debug|Any CPU
		{B08BDCD7-50F6-4916-8F8A-A8591CAC14CB}.Debug|x64.Build.0 = Debug|Any CPU
		{B08BDCD7-50F6-4916-8F8A-A8591CAC14CB}.Release|Any CPU.ActiveCfg = Release|Any CPU
		{B08BDCD7-50F6-4916-8F8A-A8591CAC14CB}.Release|Any CPU.Build.0 = Release|Any CPU
		{B08BDCD7-50F6-4916-8F8A-A8591CAC14CB}.Release|x64.ActiveCfg = Release|Any CPU
		{B08BDCD7-50F6-4916-8F8A-A8591CAC14CB}.Release|x64.Build.0 = Release|Any CPU
		{73F88BD4-2093-4695-8DAB-B8387246F61A}.Debug|Any CPU.ActiveCfg = Debug|Any CPU
		{73F88BD4-2093-4695-8DAB-B8387246F61A}.Debug|Any CPU.Build.0 = Debug|Any CPU
		{73F88BD4-2093-4695-8DAB-B8387246F61A}.Debug|x64.ActiveCfg = Debug|Any CPU
		{73F88BD4-2093-4695-8DAB-B8387246F61A}.Debug|x64.Build.0 = Debug|Any CPU
		{73F88BD4-2093-4695-8DAB-B8387246F61A}.Release|Any CPU.ActiveCfg = Release|Any CPU
		{73F88BD4-2093-4695-8DAB-B8387246F61A}.Release|Any CPU.Build.0 = Release|Any CPU
		{73F88BD4-2093-4695-8DAB-B8387246F61A}.Release|x64.ActiveCfg = Release|Any CPU
		{73F88BD4-2093-4695-8DAB-B8387246F61A}.Release|x64.Build.0 = Release|Any CPU
	EndGlobalSection
	GlobalSection(SolutionProperties) = preSolution
		HideSolutionNode = FALSE
	EndGlobalSection
	GlobalSection(NestedProjects) = preSolution
		{D3E62383-FA2D-44BD-8486-6A2751368DF6} = {DF347911-98C5-4E98-BB7E-8B30093DFE0C}
		{2F72A79A-EE80-4515-8BD1-5D4FEDBDFB93} = {CCE61351-3C76-48E3-BC39-AE7D7C6DCC0E}
		{B08BDCD7-50F6-4916-8F8A-A8591CAC14CB} = {CCE61351-3C76-48E3-BC39-AE7D7C6DCC0E}
		{73F88BD4-2093-4695-8DAB-B8387246F61A} = {E0043BE1-CD0F-4BC1-8872-D72C9F49E2BB}
	EndGlobalSection
	GlobalSection(ExtensibilityGlobals) = postSolution
		SolutionGuid = {78C9EDE0-F6D2-4E54-AA22-0911912AC6D9}
	EndGlobalSection
EndGlobal
