
Microsoft Visual Studio Solution File, Format Version 12.00
Project("{2150E333-8FDC-42A3-9474-1A3956D46DE8}") = "src", "src", "{CCE61351-3C76-48E3-BC39-AE7D7C6DCC0E}"
EndProject
Project("{2150E333-8FDC-42A3-9474-1A3956D46DE8}") = "tests", "tests", "{DF347911-98C5-4E98-BB7E-8B30093DFE0C}"
EndProject
Project("{FAE04EC0-301F-11D3-BF4B-00C04F79EFBC}") = "CpuFeaturesDotNet", "src\CpuFeaturesDotNet.csproj", "{CEA652DC-85CE-41D7-9B2E-D2FA2A6F8CE6}"
EndProject
Project("{FAE04EC0-301F-11D3-BF4B-00C04F79EFBC}") = "CpuFeaturesDotNet.UnitTesting", "tests\CpuFeaturesDotNet.UnitTesting.csproj", "{D3E62383-FA2D-44BD-8486-6A2751368DF6}"
EndProject
Project("{FAE04EC0-301F-11D3-BF4B-00C04F79EFBC}") = "CpuFeaturesDotNet.Sample", "CpuFeaturesDotNet.Sample\CpuFeaturesDotNet.Sample.csproj", "{FDBFE7A1-E046-4942-B726-8FAFB7F1F9D8}"
EndProject
Global
	GlobalSection(SolutionConfigurationPlatforms) = preSolution
		Debug|Any CPU = Debug|Any CPU
		Release|Any CPU = Release|Any CPU
	EndGlobalSection
	GlobalSection(ProjectConfigurationPlatforms) = postSolution
		{293FF860-C9C6-455A-844E-31B9F4EBE6C5}.Debug|Any CPU.ActiveCfg = Debug|Any CPU
		{293FF860-C9C6-455A-844E-31B9F4EBE6C5}.Debug|Any CPU.Build.0 = Debug|Any CPU
		{293FF860-C9C6-455A-844E-31B9F4EBE6C5}.Release|Any CPU.ActiveCfg = Release|Any CPU
		{293FF860-C9C6-455A-844E-31B9F4EBE6C5}.Release|Any CPU.Build.0 = Release|Any CPU
		{CEA652DC-85CE-41D7-9B2E-D2FA2A6F8CE6}.Debug|Any CPU.ActiveCfg = Debug|Any CPU
		{CEA652DC-85CE-41D7-9B2E-D2FA2A6F8CE6}.Debug|Any CPU.Build.0 = Debug|Any CPU
		{CEA652DC-85CE-41D7-9B2E-D2FA2A6F8CE6}.Release|Any CPU.ActiveCfg = Release|Any CPU
		{CEA652DC-85CE-41D7-9B2E-D2FA2A6F8CE6}.Release|Any CPU.Build.0 = Release|Any CPU
		{D3E62383-FA2D-44BD-8486-6A2751368DF6}.Debug|Any CPU.ActiveCfg = Debug|Any CPU
		{D3E62383-FA2D-44BD-8486-6A2751368DF6}.Debug|Any CPU.Build.0 = Debug|Any CPU
		{D3E62383-FA2D-44BD-8486-6A2751368DF6}.Release|Any CPU.ActiveCfg = Release|Any CPU
		{D3E62383-FA2D-44BD-8486-6A2751368DF6}.Release|Any CPU.Build.0 = Release|Any CPU
		{FDBFE7A1-E046-4942-B726-8FAFB7F1F9D8}.Debug|Any CPU.ActiveCfg = Debug|Any CPU
		{FDBFE7A1-E046-4942-B726-8FAFB7F1F9D8}.Debug|Any CPU.Build.0 = Debug|Any CPU
		{FDBFE7A1-E046-4942-B726-8FAFB7F1F9D8}.Release|Any CPU.ActiveCfg = Release|Any CPU
		{FDBFE7A1-E046-4942-B726-8FAFB7F1F9D8}.Release|Any CPU.Build.0 = Release|Any CPU
	EndGlobalSection
	GlobalSection(NestedProjects) = preSolution
		{CEA652DC-85CE-41D7-9B2E-D2FA2A6F8CE6} = {CCE61351-3C76-48E3-BC39-AE7D7C6DCC0E}
		{D3E62383-FA2D-44BD-8486-6A2751368DF6} = {DF347911-98C5-4E98-BB7E-8B30093DFE0C}
	EndGlobalSection
EndGlobal
